
Microsoft Visual Studio Solution File, Format Version 12.00
# Visual Studio Version 16
VisualStudioVersion = 16.0.29411.108
MinimumVisualStudioVersion = 10.0.40219.1
Project("{FAE04EC0-301F-11D3-BF4B-00C04F79EFBC}") = "TeamsContactsGroupCreator", "TeamsContactsGroupCreator.csproj", "{0B2EAA32-4C04-40A1-9570-6FCE957DB87F}"
EndProject
Global
	GlobalSection(SolutionConfigurationPlatforms) = preSolution
		Debug|Any CPU = Debug|Any CPU
		Release|Any CPU = Release|Any CPU
	EndGlobalSection
	GlobalSection(ProjectConfigurationPlatforms) = postSolution
		{0B2EAA32-4C04-40A1-9570-6FCE957DB87F}.Debug|Any CPU.ActiveCfg = Debug|Any CPU
		{0B2EAA32-4C04-40A1-9570-6FCE957DB87F}.Debug|Any CPU.Build.0 = Debug|Any CPU
		{0B2EAA32-4C04-40A1-9570-6FCE957DB87F}.Release|Any CPU.ActiveCfg = Release|Any CPU
		{0B2EAA32-4C04-40A1-9570-6FCE957DB87F}.Release|Any CPU.Build.0 = Release|Any CPU
	EndGlobalSection
	GlobalSection(SolutionProperties) = preSolution
		HideSolutionNode = FALSE
	EndGlobalSection
	GlobalSection(ExtensibilityGlobals) = postSolution
		SolutionGuid = {A48044E2-6980-4ADA-BE41-B182F7E5A0C6}
	EndGlobalSection
EndGlobal
